
Microsoft Visual Studio Solution File, Format Version 12.00
# Visual Studio 14
VisualStudioVersion = 14.0.25420.1
MinimumVisualStudioVersion = 10.0.40219.1
Project("{D954291E-2A0B-460D-934E-DC6B0785DB48}") = "cobject", "cobject\cobject.shproj", "{56A4E19C-D18B-4DC8-AD6E-0BEE4FD7FB10}"
EndProject
Global
	GlobalSection(SharedMSBuildProjectFiles) = preSolution
		cobject\cobject.projitems*{56a4e19c-d18b-4dc8-ad6e-0bee4fd7fb10}*SharedItemsImports = 13
	EndGlobalSection
	GlobalSection(SolutionProperties) = preSolution
		HideSolutionNode = FALSE
	EndGlobalSection
EndGlobal
